// !$*UTF8*$!
{
	archiveVersion = 1;
	classes = {
	};
	objectVersion = 50;
	objects = {

/* Begin PBXBuildFile section */
		3FBE45E8C4EE019BEFE0CD20 /* Pods_DemoApp.framework in Frameworks */ = {isa = PBXBuildFile; fileRef = 7D99D35278F83E4EEB232D62 /* Pods_DemoApp.framework */; };
		A337438B21747F6F0003CA4D /* FirstViewController.m in Sources */ = {isa = PBXBuildFile; fileRef = A337438A21747F6F0003CA4D /* FirstViewController.m */; };
		A3DAD5B1217477E900D41D4D /* AppDelegate.swift in Sources */ = {isa = PBXBuildFile; fileRef = A3DAD5B0217477E900D41D4D /* AppDelegate.swift */; };
		A3DAD5B6217477E900D41D4D /* Main.storyboard in Resources */ = {isa = PBXBuildFile; fileRef = A3DAD5B4217477E900D41D4D /* Main.storyboard */; };
		A3DAD5B8217477EA00D41D4D /* Assets.xcassets in Resources */ = {isa = PBXBuildFile; fileRef = A3DAD5B7217477EA00D41D4D /* Assets.xcassets */; };
		A3DAD5BB217477EA00D41D4D /* LaunchScreen.storyboard in Resources */ = {isa = PBXBuildFile; fileRef = A3DAD5B9217477EA00D41D4D /* LaunchScreen.storyboard */; };
		A3E204672174949500A796A6 /* SecondViewController.swift in Sources */ = {isa = PBXBuildFile; fileRef = A3E204662174949500A796A6 /* SecondViewController.swift */; };
		A3E204692174965A00A796A6 /* Environment.swift in Sources */ = {isa = PBXBuildFile; fileRef = A3E204682174965A00A796A6 /* Environment.swift */; };
		A3E2046B2174966000A796A6 /* Gateway.swift in Sources */ = {isa = PBXBuildFile; fileRef = A3E2046A2174966000A796A6 /* Gateway.swift */; };
/* End PBXBuildFile section */

/* Begin PBXFileReference section */
		782147C853D13650874E5F1B /* Pods-DemoApp.debug.xcconfig */ = {isa = PBXFileReference; includeInIndex = 1; lastKnownFileType = text.xcconfig; name = "Pods-DemoApp.debug.xcconfig"; path = "Pods/Target Support Files/Pods-DemoApp/Pods-DemoApp.debug.xcconfig"; sourceTree = "<group>"; };
		7D99D35278F83E4EEB232D62 /* Pods_DemoApp.framework */ = {isa = PBXFileReference; explicitFileType = wrapper.framework; includeInIndex = 0; path = Pods_DemoApp.framework; sourceTree = BUILT_PRODUCTS_DIR; };
		8100EAFAA53B654AD751C2A5 /* Pods-DemoApp.release.xcconfig */ = {isa = PBXFileReference; includeInIndex = 1; lastKnownFileType = text.xcconfig; name = "Pods-DemoApp.release.xcconfig"; path = "Pods/Target Support Files/Pods-DemoApp/Pods-DemoApp.release.xcconfig"; sourceTree = "<group>"; };
		A337438821747F6F0003CA4D /* DemoApp-Bridging-Header.h */ = {isa = PBXFileReference; lastKnownFileType = sourcecode.c.h; path = "DemoApp-Bridging-Header.h"; sourceTree = "<group>"; };
		A337438921747F6F0003CA4D /* FirstViewController.h */ = {isa = PBXFileReference; lastKnownFileType = sourcecode.c.h; path = FirstViewController.h; sourceTree = "<group>"; };
		A337438A21747F6F0003CA4D /* FirstViewController.m */ = {isa = PBXFileReference; lastKnownFileType = sourcecode.c.objc; path = FirstViewController.m; sourceTree = "<group>"; };
		A3DAD5AD217477E900D41D4D /* DemoApp.app */ = {isa = PBXFileReference; explicitFileType = wrapper.application; includeInIndex = 0; path = DemoApp.app; sourceTree = BUILT_PRODUCTS_DIR; };
		A3DAD5B0217477E900D41D4D /* AppDelegate.swift */ = {isa = PBXFileReference; lastKnownFileType = sourcecode.swift; path = AppDelegate.swift; sourceTree = "<group>"; };
		A3DAD5B5217477E900D41D4D /* Base */ = {isa = PBXFileReference; lastKnownFileType = file.storyboard; name = Base; path = Base.lproj/Main.storyboard; sourceTree = "<group>"; };
		A3DAD5B7217477EA00D41D4D /* Assets.xcassets */ = {isa = PBXFileReference; lastKnownFileType = folder.assetcatalog; path = Assets.xcassets; sourceTree = "<group>"; };
		A3DAD5BA217477EA00D41D4D /* Base */ = {isa = PBXFileReference; lastKnownFileType = file.storyboard; name = Base; path = Base.lproj/LaunchScreen.storyboard; sourceTree = "<group>"; };
		A3DAD5BC217477EA00D41D4D /* Info.plist */ = {isa = PBXFileReference; lastKnownFileType = text.plist.xml; path = Info.plist; sourceTree = "<group>"; };
		A3E204662174949500A796A6 /* SecondViewController.swift */ = {isa = PBXFileReference; lastKnownFileType = sourcecode.swift; path = SecondViewController.swift; sourceTree = "<group>"; };
		A3E204682174965A00A796A6 /* Environment.swift */ = {isa = PBXFileReference; lastKnownFileType = sourcecode.swift; path = Environment.swift; sourceTree = "<group>"; };
		A3E2046A2174966000A796A6 /* Gateway.swift */ = {isa = PBXFileReference; lastKnownFileType = sourcecode.swift; path = Gateway.swift; sourceTree = "<group>"; };
/* End PBXFileReference section */

/* Begin PBXFrameworksBuildPhase section */
		A3DAD5AA217477E900D41D4D /* Frameworks */ = {
			isa = PBXFrameworksBuildPhase;
			buildActionMask = 2147483647;
			files = (
				3FBE45E8C4EE019BEFE0CD20 /* Pods_DemoApp.framework in Frameworks */,
			);
			runOnlyForDeploymentPostprocessing = 0;
		};
/* End PBXFrameworksBuildPhase section */

/* Begin PBXGroup section */
		A33D00AF21747D9D00BDC3E5 /* Resources */ = {
			isa = PBXGroup;
			children = (
				A337438821747F6F0003CA4D /* DemoApp-Bridging-Header.h */,
				A3DAD5B9217477EA00D41D4D /* LaunchScreen.storyboard */,
				A3DAD5B4217477E900D41D4D /* Main.storyboard */,
				A3DAD5B7217477EA00D41D4D /* Assets.xcassets */,
				A3DAD5BC217477EA00D41D4D /* Info.plist */,
			);
			path = Resources;
			sourceTree = "<group>";
		};
		A3DAD5A4217477E900D41D4D = {
			isa = PBXGroup;
			children = (
				A3DAD5AF217477E900D41D4D /* DemoApp */,
				A3DAD5AE217477E900D41D4D /* Products */,
				B8C8A477FEAAB63AD28274C9 /* Pods */,
				CB196FB7D5F5E9D006F95ED5 /* Frameworks */,
			);
			sourceTree = "<group>";
		};
		A3DAD5AE217477E900D41D4D /* Products */ = {
			isa = PBXGroup;
			children = (
				A3DAD5AD217477E900D41D4D /* DemoApp.app */,
			);
			name = Products;
			sourceTree = "<group>";
		};
		A3DAD5AF217477E900D41D4D /* DemoApp */ = {
			isa = PBXGroup;
			children = (
				A3DAD5B0217477E900D41D4D /* AppDelegate.swift */,
				A3E204622174944B00A796A6 /* UI */,
				A3E204632174945200A796A6 /* Network */,
				A33D00AF21747D9D00BDC3E5 /* Resources */,
			);
			path = DemoApp;
			sourceTree = "<group>";
		};
		A3E204622174944B00A796A6 /* UI */ = {
			isa = PBXGroup;
			children = (
				A3E204642174946C00A796A6 /* First */,
				A3E204652174947600A796A6 /* Second */,
			);
			path = UI;
			sourceTree = "<group>";
		};
		A3E204632174945200A796A6 /* Network */ = {
			isa = PBXGroup;
			children = (
				A3E204682174965A00A796A6 /* Environment.swift */,
				A3E2046A2174966000A796A6 /* Gateway.swift */,
			);
			path = Network;
			sourceTree = "<group>";
		};
		A3E204642174946C00A796A6 /* First */ = {
			isa = PBXGroup;
			children = (
				A337438921747F6F0003CA4D /* FirstViewController.h */,
				A337438A21747F6F0003CA4D /* FirstViewController.m */,
			);
			path = First;
			sourceTree = "<group>";
		};
		A3E204652174947600A796A6 /* Second */ = {
			isa = PBXGroup;
			children = (
				A3E204662174949500A796A6 /* SecondViewController.swift */,
			);
			path = Second;
			sourceTree = "<group>";
		};
		B8C8A477FEAAB63AD28274C9 /* Pods */ = {
			isa = PBXGroup;
			children = (
				782147C853D13650874E5F1B /* Pods-DemoApp.debug.xcconfig */,
				8100EAFAA53B654AD751C2A5 /* Pods-DemoApp.release.xcconfig */,
			);
			name = Pods;
			sourceTree = "<group>";
		};
		CB196FB7D5F5E9D006F95ED5 /* Frameworks */ = {
			isa = PBXGroup;
			children = (
				7D99D35278F83E4EEB232D62 /* Pods_DemoApp.framework */,
			);
			name = Frameworks;
			sourceTree = "<group>";
		};
/* End PBXGroup section */

/* Begin PBXNativeTarget section */
		A3DAD5AC217477E900D41D4D /* DemoApp */ = {
			isa = PBXNativeTarget;
			buildConfigurationList = A3DAD5BF217477EA00D41D4D /* Build configuration list for PBXNativeTarget "DemoApp" */;
			buildPhases = (
				056FA7F1E0A0FFD99B13D08A /* [CP] Check Pods Manifest.lock */,
				A3DAD5A9217477E900D41D4D /* Sources */,
				A3DAD5AA217477E900D41D4D /* Frameworks */,
				A3DAD5AB217477E900D41D4D /* Resources */,
				EC3DDCA6C7C6861705E3CF9E /* [CP] Embed Pods Frameworks */,
			);
			buildRules = (
			);
			dependencies = (
			);
			name = DemoApp;
			productName = DemoApp;
			productReference = A3DAD5AD217477E900D41D4D /* DemoApp.app */;
			productType = "com.apple.product-type.application";
		};
/* End PBXNativeTarget section */

/* Begin PBXProject section */
		A3DAD5A5217477E900D41D4D /* Project object */ = {
			isa = PBXProject;
			attributes = {
				LastSwiftUpdateCheck = 0940;
				LastUpgradeCheck = 0940;
				ORGANIZATIONNAME = "Marco Pace";
				TargetAttributes = {
					A3DAD5AC217477E900D41D4D = {
						CreatedOnToolsVersion = 9.4.1;
						LastSwiftMigration = 1000;
					};
				};
			};
			buildConfigurationList = A3DAD5A8217477E900D41D4D /* Build configuration list for PBXProject "DemoApp" */;
			compatibilityVersion = "Xcode 9.3";
			developmentRegion = en;
			hasScannedForEncodings = 0;
			knownRegions = (
				en,
				Base,
			);
			mainGroup = A3DAD5A4217477E900D41D4D;
			productRefGroup = A3DAD5AE217477E900D41D4D /* Products */;
			projectDirPath = "";
			projectRoot = "";
			targets = (
				A3DAD5AC217477E900D41D4D /* DemoApp */,
			);
		};
/* End PBXProject section */

/* Begin PBXResourcesBuildPhase section */
		A3DAD5AB217477E900D41D4D /* Resources */ = {
			isa = PBXResourcesBuildPhase;
			buildActionMask = 2147483647;
			files = (
				A3DAD5BB217477EA00D41D4D /* LaunchScreen.storyboard in Resources */,
				A3DAD5B8217477EA00D41D4D /* Assets.xcassets in Resources */,
				A3DAD5B6217477E900D41D4D /* Main.storyboard in Resources */,
			);
			runOnlyForDeploymentPostprocessing = 0;
		};
/* End PBXResourcesBuildPhase section */

/* Begin PBXShellScriptBuildPhase section */
		056FA7F1E0A0FFD99B13D08A /* [CP] Check Pods Manifest.lock */ = {
			isa = PBXShellScriptBuildPhase;
			buildActionMask = 2147483647;
			files = (
			);
			inputFileListPaths = (
			);
			inputPaths = (
				"${PODS_PODFILE_DIR_PATH}/Podfile.lock",
				"${PODS_ROOT}/Manifest.lock",
			);
			name = "[CP] Check Pods Manifest.lock";
			outputFileListPaths = (
			);
			outputPaths = (
				"$(DERIVED_FILE_DIR)/Pods-DemoApp-checkManifestLockResult.txt",
			);
			runOnlyForDeploymentPostprocessing = 0;
			shellPath = /bin/sh;
			shellScript = "diff \"${PODS_PODFILE_DIR_PATH}/Podfile.lock\" \"${PODS_ROOT}/Manifest.lock\" > /dev/null\nif [ $? != 0 ] ; then\n    # print error to STDERR\n    echo \"error: The sandbox is not in sync with the Podfile.lock. Run 'pod install' or update your CocoaPods installation.\" >&2\n    exit 1\nfi\n# This output is used by Xcode 'outputs' to avoid re-running this script phase.\necho \"SUCCESS\" > \"${SCRIPT_OUTPUT_FILE_0}\"\n";
			showEnvVarsInLog = 0;
		};
		EC3DDCA6C7C6861705E3CF9E /* [CP] Embed Pods Frameworks */ = {
			isa = PBXShellScriptBuildPhase;
			buildActionMask = 2147483647;
			files = (
			);
			inputFileListPaths = (
			);
			inputPaths = (
				"${SRCROOT}/Pods/Target Support Files/Pods-DemoApp/Pods-DemoApp-frameworks.sh",
				"${BUILT_PRODUCTS_DIR}/JNetworkingKit/JNetworkingKit.framework",
			);
			name = "[CP] Embed Pods Frameworks";
			outputFileListPaths = (
			);
			outputPaths = (
				"${TARGET_BUILD_DIR}/${FRAMEWORKS_FOLDER_PATH}/JNetworkingKit.framework",
			);
			runOnlyForDeploymentPostprocessing = 0;
			shellPath = /bin/sh;
			shellScript = "\"${SRCROOT}/Pods/Target Support Files/Pods-DemoApp/Pods-DemoApp-frameworks.sh\"\n";
			showEnvVarsInLog = 0;
		};
/* End PBXShellScriptBuildPhase section */

/* Begin PBXSourcesBuildPhase section */
		A3DAD5A9217477E900D41D4D /* Sources */ = {
			isa = PBXSourcesBuildPhase;
			buildActionMask = 2147483647;
			files = (
				A337438B21747F6F0003CA4D /* FirstViewController.m in Sources */,
				A3E204692174965A00A796A6 /* Environment.swift in Sources */,
				A3DAD5B1217477E900D41D4D /* AppDelegate.swift in Sources */,
				A3E204672174949500A796A6 /* SecondViewController.swift in Sources */,
				A3E2046B2174966000A796A6 /* Gateway.swift in Sources */,
			);
			runOnlyForDeploymentPostprocessing = 0;
		};
/* End PBXSourcesBuildPhase section */

/* Begin PBXVariantGroup section */
		A3DAD5B4217477E900D41D4D /* Main.storyboard */ = {
			isa = PBXVariantGroup;
			children = (
				A3DAD5B5217477E900D41D4D /* Base */,
			);
			name = Main.storyboard;
			sourceTree = "<group>";
		};
		A3DAD5B9217477EA00D41D4D /* LaunchScreen.storyboard */ = {
			isa = PBXVariantGroup;
			children = (
				A3DAD5BA217477EA00D41D4D /* Base */,
			);
			name = LaunchScreen.storyboard;
			sourceTree = "<group>";
		};
/* End PBXVariantGroup section */

/* Begin XCBuildConfiguration section */
		A3DAD5BD217477EA00D41D4D /* Debug */ = {
			isa = XCBuildConfiguration;
			buildSettings = {
				ALWAYS_SEARCH_USER_PATHS = NO;
				CLANG_ANALYZER_NONNULL = YES;
				CLANG_ANALYZER_NUMBER_OBJECT_CONVERSION = YES_AGGRESSIVE;
				CLANG_CXX_LANGUAGE_STANDARD = "gnu++14";
				CLANG_CXX_LIBRARY = "libc++";
				CLANG_ENABLE_MODULES = YES;
				CLANG_ENABLE_OBJC_ARC = YES;
				CLANG_ENABLE_OBJC_WEAK = YES;
				CLANG_WARN_BLOCK_CAPTURE_AUTORELEASING = YES;
				CLANG_WARN_BOOL_CONVERSION = YES;
				CLANG_WARN_COMMA = YES;
				CLANG_WARN_CONSTANT_CONVERSION = YES;
				CLANG_WARN_DEPRECATED_OBJC_IMPLEMENTATIONS = YES;
				CLANG_WARN_DIRECT_OBJC_ISA_USAGE = YES_ERROR;
				CLANG_WARN_DOCUMENTATION_COMMENTS = YES;
				CLANG_WARN_EMPTY_BODY = YES;
				CLANG_WARN_ENUM_CONVERSION = YES;
				CLANG_WARN_INFINITE_RECURSION = YES;
				CLANG_WARN_INT_CONVERSION = YES;
				CLANG_WARN_NON_LITERAL_NULL_CONVERSION = YES;
				CLANG_WARN_OBJC_IMPLICIT_RETAIN_SELF = YES;
				CLANG_WARN_OBJC_LITERAL_CONVERSION = YES;
				CLANG_WARN_OBJC_ROOT_CLASS = YES_ERROR;
				CLANG_WARN_RANGE_LOOP_ANALYSIS = YES;
				CLANG_WARN_STRICT_PROTOTYPES = YES;
				CLANG_WARN_SUSPICIOUS_MOVE = YES;
				CLANG_WARN_UNGUARDED_AVAILABILITY = YES_AGGRESSIVE;
				CLANG_WARN_UNREACHABLE_CODE = YES;
				CLANG_WARN__DUPLICATE_METHOD_MATCH = YES;
				CODE_SIGN_IDENTITY = "iPhone Developer";
				COPY_PHASE_STRIP = NO;
				DEBUG_INFORMATION_FORMAT = dwarf;
				ENABLE_STRICT_OBJC_MSGSEND = YES;
				ENABLE_TESTABILITY = YES;
				GCC_C_LANGUAGE_STANDARD = gnu11;
				GCC_DYNAMIC_NO_PIC = NO;
				GCC_NO_COMMON_BLOCKS = YES;
				GCC_OPTIMIZATION_LEVEL = 0;
				GCC_PREPROCESSOR_DEFINITIONS = (
					"DEBUG=1",
					"$(inherited)",
				);
				GCC_WARN_64_TO_32_BIT_CONVERSION = YES;
				GCC_WARN_ABOUT_RETURN_TYPE = YES_ERROR;
				GCC_WARN_UNDECLARED_SELECTOR = YES;
				GCC_WARN_UNINITIALIZED_AUTOS = YES_AGGRESSIVE;
				GCC_WARN_UNUSED_FUNCTION = YES;
				GCC_WARN_UNUSED_VARIABLE = YES;
				IPHONEOS_DEPLOYMENT_TARGET = 11.4;
				MTL_ENABLE_DEBUG_INFO = YES;
				ONLY_ACTIVE_ARCH = YES;
				SDKROOT = iphoneos;
				SWIFT_ACTIVE_COMPILATION_CONDITIONS = DEBUG;
				SWIFT_OPTIMIZATION_LEVEL = "-Onone";
			};
			name = Debug;
		};
		A3DAD5BE217477EA00D41D4D /* Release */ = {
			isa = XCBuildConfiguration;
			buildSettings = {
				ALWAYS_SEARCH_USER_PATHS = NO;
				CLANG_ANALYZER_NONNULL = YES;
				CLANG_ANALYZER_NUMBER_OBJECT_CONVERSION = YES_AGGRESSIVE;
				CLANG_CXX_LANGUAGE_STANDARD = "gnu++14";
				CLANG_CXX_LIBRARY = "libc++";
				CLANG_ENABLE_MODULES = YES;
				CLANG_ENABLE_OBJC_ARC = YES;
				CLANG_ENABLE_OBJC_WEAK = YES;
				CLANG_WARN_BLOCK_CAPTURE_AUTORELEASING = YES;
				CLANG_WARN_BOOL_CONVERSION = YES;
				CLANG_WARN_COMMA = YES;
				CLANG_WARN_CONSTANT_CONVERSION = YES;
				CLANG_WARN_DEPRECATED_OBJC_IMPLEMENTATIONS = YES;
				CLANG_WARN_DIRECT_OBJC_ISA_USAGE = YES_ERROR;
				CLANG_WARN_DOCUMENTATION_COMMENTS = YES;
				CLANG_WARN_EMPTY_BODY = YES;
				CLANG_WARN_ENUM_CONVERSION = YES;
				CLANG_WARN_INFINITE_RECURSION = YES;
				CLANG_WARN_INT_CONVERSION = YES;
				CLANG_WARN_NON_LITERAL_NULL_CONVERSION = YES;
				CLANG_WARN_OBJC_IMPLICIT_RETAIN_SELF = YES;
				CLANG_WARN_OBJC_LITERAL_CONVERSION = YES;
				CLANG_WARN_OBJC_ROOT_CLASS = YES_ERROR;
				CLANG_WARN_RANGE_LOOP_ANALYSIS = YES;
				CLANG_WARN_STRICT_PROTOTYPES = YES;
				CLANG_WARN_SUSPICIOUS_MOVE = YES;
				CLANG_WARN_UNGUARDED_AVAILABILITY = YES_AGGRESSIVE;
				CLANG_WARN_UNREACHABLE_CODE = YES;
				CLANG_WARN__DUPLICATE_METHOD_MATCH = YES;
				CODE_SIGN_IDENTITY = "iPhone Developer";
				COPY_PHASE_STRIP = NO;
				DEBUG_INFORMATION_FORMAT = "dwarf-with-dsym";
				ENABLE_NS_ASSERTIONS = NO;
				ENABLE_STRICT_OBJC_MSGSEND = YES;
				GCC_C_LANGUAGE_STANDARD = gnu11;
				GCC_NO_COMMON_BLOCKS = YES;
				GCC_WARN_64_TO_32_BIT_CONVERSION = YES;
				GCC_WARN_ABOUT_RETURN_TYPE = YES_ERROR;
				GCC_WARN_UNDECLARED_SELECTOR = YES;
				GCC_WARN_UNINITIALIZED_AUTOS = YES_AGGRESSIVE;
				GCC_WARN_UNUSED_FUNCTION = YES;
				GCC_WARN_UNUSED_VARIABLE = YES;
				IPHONEOS_DEPLOYMENT_TARGET = 11.4;
				MTL_ENABLE_DEBUG_INFO = NO;
				SDKROOT = iphoneos;
				SWIFT_COMPILATION_MODE = wholemodule;
				SWIFT_OPTIMIZATION_LEVEL = "-O";
				VALIDATE_PRODUCT = YES;
			};
			name = Release;
		};
		A3DAD5C0217477EA00D41D4D /* Debug */ = {
			isa = XCBuildConfiguration;
			baseConfigurationReference = 782147C853D13650874E5F1B /* Pods-DemoApp.debug.xcconfig */;
			buildSettings = {
				ASSETCATALOG_COMPILER_APPICON_NAME = AppIcon;
				CLANG_ENABLE_MODULES = YES;
				CODE_SIGN_STYLE = Automatic;
				INFOPLIST_FILE = "$(SRCROOT)/DemoApp/Resources/Info.plist";
				LD_RUNPATH_SEARCH_PATHS = (
					"$(inherited)",
					"@executable_path/Frameworks",
				);
				PRODUCT_BUNDLE_IDENTIFIER = com.jumbo.DemoApp;
				PRODUCT_NAME = "$(TARGET_NAME)";
				SWIFT_OBJC_BRIDGING_HEADER = "DemoApp/Resources/DemoApp-Bridging-Header.h";
				SWIFT_OPTIMIZATION_LEVEL = "-Onone";
				SWIFT_VERSION = 4.2;
				TARGETED_DEVICE_FAMILY = "1,2";
			};
			name = Debug;
		};
		A3DAD5C1217477EA00D41D4D /* Release */ = {
			isa = XCBuildConfiguration;
			baseConfigurationReference = 8100EAFAA53B654AD751C2A5 /* Pods-DemoApp.release.xcconfig */;
			buildSettings = {
				ASSETCATALOG_COMPILER_APPICON_NAME = AppIcon;
				CLANG_ENABLE_MODULES = YES;
				CODE_SIGN_STYLE = Automatic;
				INFOPLIST_FILE = "$(SRCROOT)/DemoApp/Resources/Info.plist";
				LD_RUNPATH_SEARCH_PATHS = (
					"$(inherited)",
					"@executable_path/Frameworks",
				);
				PRODUCT_BUNDLE_IDENTIFIER = com.jumbo.DemoApp;
				PRODUCT_NAME = "$(TARGET_NAME)";
				SWIFT_OBJC_BRIDGING_HEADER = "DemoApp/Resources/DemoApp-Bridging-Header.h";
				SWIFT_VERSION = 4.2;
				TARGETED_DEVICE_FAMILY = "1,2";
			};
			name = Release;
		};
/* End XCBuildConfiguration section */

/* Begin XCConfigurationList section */
		A3DAD5A8217477E900D41D4D /* Build configuration list for PBXProject "DemoApp" */ = {
			isa = XCConfigurationList;
			buildConfigurations = (
				A3DAD5BD217477EA00D41D4D /* Debug */,
				A3DAD5BE217477EA00D41D4D /* Release */,
			);
			defaultConfigurationIsVisible = 0;
			defaultConfigurationName = Release;
		};
		A3DAD5BF217477EA00D41D4D /* Build configuration list for PBXNativeTarget "DemoApp" */ = {
			isa = XCConfigurationList;
			buildConfigurations = (
				A3DAD5C0217477EA00D41D4D /* Debug */,
				A3DAD5C1217477EA00D41D4D /* Release */,
			);
			defaultConfigurationIsVisible = 0;
			defaultConfigurationName = Release;
		};
/* End XCConfigurationList section */
	};
	rootObject = A3DAD5A5217477E900D41D4D /* Project object */;
}
